
Microsoft Visual Studio Solution File, Format Version 12.00
# Visual Studio 2013
VisualStudioVersion = 12.0.21005.1
MinimumVisualStudioVersion = 10.0.40219.1
Project("{FAE04EC0-301F-11D3-BF4B-00C04F79EFBC}") = "HangmanGame", "HangmanGame\HangmanGame.csproj", "{DC8D695C-1B4B-4812-9E60-5C80CC9A4630}"
EndProject
Project("{FAE04EC0-301F-11D3-BF4B-00C04F79EFBC}") = "HangmanGameTests", "HangmanGameTests\HangmanGameTests.csproj", "{2AA4A90C-F6FB-4A47-8BD1-74202473FE0A}"
EndProject
Global
	GlobalSection(SolutionConfigurationPlatforms) = preSolution
		Debug|Any CPU = Debug|Any CPU
		Release|Any CPU = Release|Any CPU
	EndGlobalSection
	GlobalSection(ProjectConfigurationPlatforms) = postSolution
		{DC8D695C-1B4B-4812-9E60-5C80CC9A4630}.Debug|Any CPU.ActiveCfg = Debug|Any CPU
		{DC8D695C-1B4B-4812-9E60-5C80CC9A4630}.Debug|Any CPU.Build.0 = Debug|Any CPU
		{DC8D695C-1B4B-4812-9E60-5C80CC9A4630}.Release|Any CPU.ActiveCfg = Release|Any CPU
		{DC8D695C-1B4B-4812-9E60-5C80CC9A4630}.Release|Any CPU.Build.0 = Release|Any CPU
		{2AA4A90C-F6FB-4A47-8BD1-74202473FE0A}.Debug|Any CPU.ActiveCfg = Debug|Any CPU
		{2AA4A90C-F6FB-4A47-8BD1-74202473FE0A}.Debug|Any CPU.Build.0 = Debug|Any CPU
		{2AA4A90C-F6FB-4A47-8BD1-74202473FE0A}.Release|Any CPU.ActiveCfg = Release|Any CPU
		{2AA4A90C-F6FB-4A47-8BD1-74202473FE0A}.Release|Any CPU.Build.0 = Release|Any CPU
	EndGlobalSection
	GlobalSection(SolutionProperties) = preSolution
		HideSolutionNode = FALSE
	EndGlobalSection
EndGlobal
